# This file is automatically @generated by Cargo.
# It is not intended for manual editing.
version = 4

[[package]]
name = "cv_a11y"
version = "0.0.1"

[[package]]
name = "cv_arena"
version = "0.0.1"

[[package]]
name = "cv_asm"
version = "0.0.1"

[[package]]
name = "cv_audio"
version = "0.0.1"

[[package]]
name = "cv_autofill"
version = "0.0.1"

[[package]]
name = "cv_base"
version = "0.0.1"

[[package]]
name = "cv_bindings"
version = "0.0.1"

[[package]]
name = "cv_browser"
version = "0.0.1"
dependencies = [
 "cv_audio",
 "cv_base",
 "cv_compositor",
 "cv_compression",
 "cv_content",
 "cv_crypto",
 "cv_css",
 "cv_dom",
 "cv_gfx",
 "cv_html",
 "cv_image",
 "cv_ipc",
 "cv_js",
 "cv_layout",
 "cv_media",
 "cv_net",
 "cv_paint",
 "cv_sched",
 "cv_text",
 "cv_ui",
 "cv_unicode",
 "cv_url",
]

[[package]]
name = "cv_compositor"
version = "0.0.1"
dependencies = [
 "cv_paint",
]

[[package]]
name = "cv_compression"
version = "0.0.1"

[[package]]
name = "cv_content"
version = "0.0.1"

[[package]]
name = "cv_crypto"
version = "0.0.1"

[[package]]
name = "cv_css"
version = "0.0.1"

[[package]]
name = "cv_devtools"
version = "0.0.1"

[[package]]
name = "cv_dist"
version = "0.0.1"
dependencies = [
 "cv_crypto",
]

[[package]]
name = "cv_dom"
version = "0.0.1"
dependencies = [
 "cv_arena",
]

[[package]]
name = "cv_extensions"
version = "0.0.1"
dependencies = [
 "cv_crypto",
]

[[package]]
name = "cv_gfx"
version = "0.0.1"

[[package]]
name = "cv_gpu"
version = "0.0.1"

[[package]]
name = "cv_html"
version = "0.0.1"

[[package]]
name = "cv_image"
version = "0.0.1"
dependencies = [
 "cv_compression",
]

[[package]]
name = "cv_ime"
version = "0.0.1"

[[package]]
name = "cv_ipc"
version = "0.0.1"
dependencies = [
 "cv_sandbox",
]

[[package]]
name = "cv_js"
version = "0.0.1"
dependencies = [
 "cv_asm",
 "cv_compression",
 "cv_wasm",
]

[[package]]
name = "cv_layout"
version = "0.0.1"

[[package]]
name = "cv_media"
version = "0.0.1"

[[package]]
name = "cv_native_messaging"
version = "0.0.1"

[[package]]
name = "cv_net"
version = "0.0.1"
dependencies = [
 "cv_base",
 "cv_compression",
 "cv_crypto",
 "cv_url",
]

[[package]]
name = "cv_paint"
version = "0.0.1"

[[package]]
name = "cv_pdf"
version = "0.0.1"
dependencies = [
 "cv_compression",
]

[[package]]
name = "cv_power"
version = "0.0.1"

[[package]]
name = "cv_profile"
version = "0.0.1"

[[package]]
name = "cv_reader"
version = "0.0.1"

[[package]]
name = "cv_renderer"
version = "0.0.1"

[[package]]
name = "cv_sandbox"
version = "0.0.1"

[[package]]
name = "cv_sched"
version = "0.0.1"

[[package]]
name = "cv_session"
version = "0.0.1"

[[package]]
name = "cv_spell"
version = "0.0.1"

[[package]]
name = "cv_storage"
version = "0.0.1"

[[package]]
name = "cv_text"
version = "0.0.1"
dependencies = [
 "cv_compression",
]

[[package]]
name = "cv_ui"
version = "0.0.1"
dependencies = [
 "cv_compositor",
 "cv_gfx",
 "cv_gpu",
 "cv_layout",
 "cv_paint",
]

[[package]]
name = "cv_unicode"
version = "0.0.1"

[[package]]
name = "cv_url"
version = "0.0.1"

[[package]]
name = "cv_wasm"
version = "0.0.1"

[[package]]
name = "cv_webapi"
version = "0.0.1"
dependencies = [
 "cv_js",
]

[[package]]
name = "no_stubs_guard"
version = "0.0.1"

[[package]]
name = "ucd_gen"
version = "0.0.1"

[[package]]
name = "webidl_gen"
version = "0.0.1"

[[package]]
name = "wpt_runner"
version = "0.0.1"
dependencies = [
 "cv_base",
]
